
Microsoft Visual Studio Solution File, Format Version 12.00
# Visual Studio Version 17
VisualStudioVersion = 17.2.32526.322
MinimumVisualStudioVersion = 10.0.40219.1
Project("{9A19103F-16F7-4668-BE54-9A1E7A4F7556}") = "ExchangeQuotes.Client", "ExchangeQuotes.Client\ExchangeQuotes.Client.csproj", "{06AAF49D-D05F-414C-995C-2316104EE8B5}"
EndProject
Project("{9A19103F-16F7-4668-BE54-9A1E7A4F7556}") = "ExchangeQuotes.Math", "ExchangeQuotes.Math\ExchangeQuotes.Math.csproj", "{A983A018-B3D4-4F9D-B3C9-2A2DD6796DA8}"
EndProject
Project("{9A19103F-16F7-4668-BE54-9A1E7A4F7556}") = "ExchangeQuotes.Core", "ExchangeQuotes.Core\ExchangeQuotes.Core.csproj", "{5BDF3183-EB5B-4AAF-BA4B-DDCA149BDF63}"
EndProject
Project("{9A19103F-16F7-4668-BE54-9A1E7A4F7556}") = "ExchangeQuotes.Server", "ExchangeQuotes.Server\ExchangeQuotes.Server.csproj", "{28DF1E55-070E-4A98-832C-9864A6B7A6A9}"
EndProject
Project("{FAE04EC0-301F-11D3-BF4B-00C04F79EFBC}") = "ExchangeQuotes.Math.UnitTests", "ExchangeQuotes.Math.UnitTests\ExchangeQuotes.Math.UnitTests.csproj", "{2F90F6AF-93C7-4484-95BD-28D45F2B0278}"
EndProject
Global
	GlobalSection(SolutionConfigurationPlatforms) = preSolution
		Debug|Any CPU = Debug|Any CPU
		Release|Any CPU = Release|Any CPU
	EndGlobalSection
	GlobalSection(ProjectConfigurationPlatforms) = postSolution
		{06AAF49D-D05F-414C-995C-2316104EE8B5}.Debug|Any CPU.ActiveCfg = Debug|Any CPU
		{06AAF49D-D05F-414C-995C-2316104EE8B5}.Debug|Any CPU.Build.0 = Debug|Any CPU
		{06AAF49D-D05F-414C-995C-2316104EE8B5}.Release|Any CPU.ActiveCfg = Release|Any CPU
		{06AAF49D-D05F-414C-995C-2316104EE8B5}.Release|Any CPU.Build.0 = Release|Any CPU
		{A983A018-B3D4-4F9D-B3C9-2A2DD6796DA8}.Debug|Any CPU.ActiveCfg = Debug|Any CPU
		{A983A018-B3D4-4F9D-B3C9-2A2DD6796DA8}.Debug|Any CPU.Build.0 = Debug|Any CPU
		{A983A018-B3D4-4F9D-B3C9-2A2DD6796DA8}.Release|Any CPU.ActiveCfg = Release|Any CPU
		{A983A018-B3D4-4F9D-B3C9-2A2DD6796DA8}.Release|Any CPU.Build.0 = Release|Any CPU
		{5BDF3183-EB5B-4AAF-BA4B-DDCA149BDF63}.Debug|Any CPU.ActiveCfg = Debug|Any CPU
		{5BDF3183-EB5B-4AAF-BA4B-DDCA149BDF63}.Debug|Any CPU.Build.0 = Debug|Any CPU
		{5BDF3183-EB5B-4AAF-BA4B-DDCA149BDF63}.Release|Any CPU.ActiveCfg = Release|Any CPU
		{5BDF3183-EB5B-4AAF-BA4B-DDCA149BDF63}.Release|Any CPU.Build.0 = Release|Any CPU
		{28DF1E55-070E-4A98-832C-9864A6B7A6A9}.Debug|Any CPU.ActiveCfg = Debug|Any CPU
		{28DF1E55-070E-4A98-832C-9864A6B7A6A9}.Debug|Any CPU.Build.0 = Debug|Any CPU
		{28DF1E55-070E-4A98-832C-9864A6B7A6A9}.Release|Any CPU.ActiveCfg = Release|Any CPU
		{28DF1E55-070E-4A98-832C-9864A6B7A6A9}.Release|Any CPU.Build.0 = Release|Any CPU
		{2F90F6AF-93C7-4484-95BD-28D45F2B0278}.Debug|Any CPU.ActiveCfg = Debug|Any CPU
		{2F90F6AF-93C7-4484-95BD-28D45F2B0278}.Debug|Any CPU.Build.0 = Debug|Any CPU
		{2F90F6AF-93C7-4484-95BD-28D45F2B0278}.Release|Any CPU.ActiveCfg = Release|Any CPU
		{2F90F6AF-93C7-4484-95BD-28D45F2B0278}.Release|Any CPU.Build.0 = Release|Any CPU
	EndGlobalSection
	GlobalSection(SolutionProperties) = preSolution
		HideSolutionNode = FALSE
	EndGlobalSection
	GlobalSection(ExtensibilityGlobals) = postSolution
		SolutionGuid = {50E695E8-45A5-48F3-AB32-8A70EE034643}
	EndGlobalSection
EndGlobal
